
Microsoft Visual Studio Solution File, Format Version 12.00
# Visual Studio 15
VisualStudioVersion = 15.0.28307.1684
MinimumVisualStudioVersion = 10.0.40219.1
Project("{888888A0-9F3D-457C-B088-3A5042F75D52}") = "EasyChess", "EasyChess\EasyChess.pyproj", "{300A3BA3-C40B-48E5-ADDD-338F8A4E52C2}"
EndProject
Global
	GlobalSection(SolutionConfigurationPlatforms) = preSolution
		Debug|Any CPU = Debug|Any CPU
		Release|Any CPU = Release|Any CPU
	EndGlobalSection
	GlobalSection(ProjectConfigurationPlatforms) = postSolution
		{300A3BA3-C40B-48E5-ADDD-338F8A4E52C2}.Debug|Any CPU.ActiveCfg = Debug|Any CPU
		{300A3BA3-C40B-48E5-ADDD-338F8A4E52C2}.Release|Any CPU.ActiveCfg = Release|Any CPU
	EndGlobalSection
	GlobalSection(SolutionProperties) = preSolution
		HideSolutionNode = FALSE
	EndGlobalSection
	GlobalSection(ExtensibilityGlobals) = postSolution
		SolutionGuid = {FC9BF317-852C-4528-BE8D-D0675FD9D54B}
	EndGlobalSection
EndGlobal
